
Microsoft Visual Studio Solution File, Format Version 12.00
# Visual Studio Version 16
VisualStudioVersion = 16.0.30804.86
MinimumVisualStudioVersion = 10.0.40219.1
Project("{FAE04EC0-301F-11D3-BF4B-00C04F79EFBC}") = "SimpleCRUD", "SimpleCRUD\SimpleCRUD.csproj", "{86EDF1DD-6A73-4F15-AB68-23156EBD7103}"
EndProject
Project("{FAE04EC0-301F-11D3-BF4B-00C04F79EFBC}") = "Shared", "Shared\Shared.csproj", "{2290AFA8-86C0-4993-83FF-DD296426F60A}"
EndProject
Project("{FAE04EC0-301F-11D3-BF4B-00C04F79EFBC}") = "DTO", "DTO\DTO.csproj", "{A066227D-6965-4AFE-A82A-3A4716D985F6}"
EndProject
Project("{FAE04EC0-301F-11D3-BF4B-00C04F79EFBC}") = "DAL", "DAL\DAL.csproj", "{EC9843DC-A2F1-4A48-8F92-E9D1805134EA}"
EndProject
Project("{FAE04EC0-301F-11D3-BF4B-00C04F79EFBC}") = "LibServer", "LibServer\LibServer.csproj", "{62F65413-1C57-4C7E-83D3-E161D44F2AF2}"
EndProject
Global
	GlobalSection(SolutionConfigurationPlatforms) = preSolution
		Debug|Any CPU = Debug|Any CPU
		Debug|x86 = Debug|x86
		Release|Any CPU = Release|Any CPU
		Release|x86 = Release|x86
	EndGlobalSection
	GlobalSection(ProjectConfigurationPlatforms) = postSolution
		{86EDF1DD-6A73-4F15-AB68-23156EBD7103}.Debug|Any CPU.ActiveCfg = Debug|Any CPU
		{86EDF1DD-6A73-4F15-AB68-23156EBD7103}.Debug|Any CPU.Build.0 = Debug|Any CPU
		{86EDF1DD-6A73-4F15-AB68-23156EBD7103}.Debug|x86.ActiveCfg = Debug|Any CPU
		{86EDF1DD-6A73-4F15-AB68-23156EBD7103}.Debug|x86.Build.0 = Debug|Any CPU
		{86EDF1DD-6A73-4F15-AB68-23156EBD7103}.Release|Any CPU.ActiveCfg = Release|Any CPU
		{86EDF1DD-6A73-4F15-AB68-23156EBD7103}.Release|Any CPU.Build.0 = Release|Any CPU
		{86EDF1DD-6A73-4F15-AB68-23156EBD7103}.Release|x86.ActiveCfg = Release|Any CPU
		{86EDF1DD-6A73-4F15-AB68-23156EBD7103}.Release|x86.Build.0 = Release|Any CPU
		{2290AFA8-86C0-4993-83FF-DD296426F60A}.Debug|Any CPU.ActiveCfg = Debug|Any CPU
		{2290AFA8-86C0-4993-83FF-DD296426F60A}.Debug|Any CPU.Build.0 = Debug|Any CPU
		{2290AFA8-86C0-4993-83FF-DD296426F60A}.Debug|x86.ActiveCfg = Debug|Any CPU
		{2290AFA8-86C0-4993-83FF-DD296426F60A}.Debug|x86.Build.0 = Debug|Any CPU
		{2290AFA8-86C0-4993-83FF-DD296426F60A}.Release|Any CPU.ActiveCfg = Release|Any CPU
		{2290AFA8-86C0-4993-83FF-DD296426F60A}.Release|Any CPU.Build.0 = Release|Any CPU
		{2290AFA8-86C0-4993-83FF-DD296426F60A}.Release|x86.ActiveCfg = Release|Any CPU
		{2290AFA8-86C0-4993-83FF-DD296426F60A}.Release|x86.Build.0 = Release|Any CPU
		{A066227D-6965-4AFE-A82A-3A4716D985F6}.Debug|Any CPU.ActiveCfg = Debug|Any CPU
		{A066227D-6965-4AFE-A82A-3A4716D985F6}.Debug|Any CPU.Build.0 = Debug|Any CPU
		{A066227D-6965-4AFE-A82A-3A4716D985F6}.Debug|x86.ActiveCfg = Debug|Any CPU
		{A066227D-6965-4AFE-A82A-3A4716D985F6}.Debug|x86.Build.0 = Debug|Any CPU
		{A066227D-6965-4AFE-A82A-3A4716D985F6}.Release|Any CPU.ActiveCfg = Release|Any CPU
		{A066227D-6965-4AFE-A82A-3A4716D985F6}.Release|Any CPU.Build.0 = Release|Any CPU
		{A066227D-6965-4AFE-A82A-3A4716D985F6}.Release|x86.ActiveCfg = Release|Any CPU
		{A066227D-6965-4AFE-A82A-3A4716D985F6}.Release|x86.Build.0 = Release|Any CPU
		{EC9843DC-A2F1-4A48-8F92-E9D1805134EA}.Debug|Any CPU.ActiveCfg = Debug|Any CPU
		{EC9843DC-A2F1-4A48-8F92-E9D1805134EA}.Debug|Any CPU.Build.0 = Debug|Any CPU
		{EC9843DC-A2F1-4A48-8F92-E9D1805134EA}.Debug|x86.ActiveCfg = Debug|Any CPU
		{EC9843DC-A2F1-4A48-8F92-E9D1805134EA}.Debug|x86.Build.0 = Debug|Any CPU
		{EC9843DC-A2F1-4A48-8F92-E9D1805134EA}.Release|Any CPU.ActiveCfg = Release|Any CPU
		{EC9843DC-A2F1-4A48-8F92-E9D1805134EA}.Release|Any CPU.Build.0 = Release|Any CPU
		{EC9843DC-A2F1-4A48-8F92-E9D1805134EA}.Release|x86.ActiveCfg = Release|Any CPU
		{EC9843DC-A2F1-4A48-8F92-E9D1805134EA}.Release|x86.Build.0 = Release|Any CPU
		{62F65413-1C57-4C7E-83D3-E161D44F2AF2}.Debug|Any CPU.ActiveCfg = Debug|Any CPU
		{62F65413-1C57-4C7E-83D3-E161D44F2AF2}.Debug|Any CPU.Build.0 = Debug|Any CPU
		{62F65413-1C57-4C7E-83D3-E161D44F2AF2}.Debug|x86.ActiveCfg = Debug|Any CPU
		{62F65413-1C57-4C7E-83D3-E161D44F2AF2}.Debug|x86.Build.0 = Debug|Any CPU
		{62F65413-1C57-4C7E-83D3-E161D44F2AF2}.Release|Any CPU.ActiveCfg = Release|Any CPU
		{62F65413-1C57-4C7E-83D3-E161D44F2AF2}.Release|Any CPU.Build.0 = Release|Any CPU
		{62F65413-1C57-4C7E-83D3-E161D44F2AF2}.Release|x86.ActiveCfg = Release|Any CPU
		{62F65413-1C57-4C7E-83D3-E161D44F2AF2}.Release|x86.Build.0 = Release|Any CPU
	EndGlobalSection
	GlobalSection(SolutionProperties) = preSolution
		HideSolutionNode = FALSE
	EndGlobalSection
	GlobalSection(ExtensibilityGlobals) = postSolution
		SolutionGuid = {9710AEAF-CF75-4943-B557-AF5FE6C14886}
	EndGlobalSection
EndGlobal
